// !$*UTF8*$!
{
	archiveVersion = 1;
	classes = {
	};
	objectVersion = 46;
	objects = {

/* Begin PBXBuildFile section */
		AA487FA61D07B76A006E0EB9 /* main.m in Sources */ = {isa = PBXBuildFile; fileRef = AA487FA51D07B76A006E0EB9 /* main.m */; };
		AA487FA91D07B76A006E0EB9 /* AppDelegate.m in Sources */ = {isa = PBXBuildFile; fileRef = AA487FA81D07B76A006E0EB9 /* AppDelegate.m */; };
		AA487FAC1D07B76A006E0EB9 /* ViewController.m in Sources */ = {isa = PBXBuildFile; fileRef = AA487FAB1D07B76A006E0EB9 /* ViewController.m */; };
		AA487FAF1D07B76A006E0EB9 /* Main.storyboard in Resources */ = {isa = PBXBuildFile; fileRef = AA487FAD1D07B76A006E0EB9 /* Main.storyboard */; };
		AA487FB11D07B76A006E0EB9 /* Assets.xcassets in Resources */ = {isa = PBXBuildFile; fileRef = AA487FB01D07B76A006E0EB9 /* Assets.xcassets */; };
		AA487FB41D07B76A006E0EB9 /* LaunchScreen.storyboard in Resources */ = {isa = PBXBuildFile; fileRef = AA487FB21D07B76A006E0EB9 /* LaunchScreen.storyboard */; };
		AA487FBE1D07B9CE006E0EB9 /* ZLTabBarItem.m in Sources */ = {isa = PBXBuildFile; fileRef = AA487FBD1D07B9CE006E0EB9 /* ZLTabBarItem.m */; };
		AA487FC11D07C7EE006E0EB9 /* ZLTabBar.m in Sources */ = {isa = PBXBuildFile; fileRef = AA487FC01D07C7EE006E0EB9 /* ZLTabBar.m */; };
		AA487FC41D07C932006E0EB9 /* ZLTabBarController.m in Sources */ = {isa = PBXBuildFile; fileRef = AA487FC31D07C932006E0EB9 /* ZLTabBarController.m */; };
		AA487FC71D07F93A006E0EB9 /* FirstViewController.m in Sources */ = {isa = PBXBuildFile; fileRef = AA487FC61D07F93A006E0EB9 /* FirstViewController.m */; };
		AA487FCA1D07F998006E0EB9 /* SecondViewController.m in Sources */ = {isa = PBXBuildFile; fileRef = AA487FC91D07F998006E0EB9 /* SecondViewController.m */; };
		AA487FCD1D07F9D8006E0EB9 /* ThirdViewController.m in Sources */ = {isa = PBXBuildFile; fileRef = AA487FCC1D07F9D8006E0EB9 /* ThirdViewController.m */; };
		AA487FD01D07F9FE006E0EB9 /* DetailsViewController.m in Sources */ = {isa = PBXBuildFile; fileRef = AA487FCF1D07F9FE006E0EB9 /* DetailsViewController.m */; };
		AA565A1C1D0D4D2C00CD819C /* UIColor+ColorFromHex.m in Sources */ = {isa = PBXBuildFile; fileRef = AA565A1B1D0D4D2C00CD819C /* UIColor+ColorFromHex.m */; };
/* End PBXBuildFile section */

/* Begin PBXFileReference section */
		AA487FA11D07B76A006E0EB9 /* ZLTabBarController.app */ = {isa = PBXFileReference; explicitFileType = wrapper.application; includeInIndex = 0; path = ZLTabBarController.app; sourceTree = BUILT_PRODUCTS_DIR; };
		AA487FA51D07B76A006E0EB9 /* main.m */ = {isa = PBXFileReference; lastKnownFileType = sourcecode.c.objc; path = main.m; sourceTree = "<group>"; };
		AA487FA71D07B76A006E0EB9 /* AppDelegate.h */ = {isa = PBXFileReference; lastKnownFileType = sourcecode.c.h; path = AppDelegate.h; sourceTree = "<group>"; };
		AA487FA81D07B76A006E0EB9 /* AppDelegate.m */ = {isa = PBXFileReference; lastKnownFileType = sourcecode.c.objc; path = AppDelegate.m; sourceTree = "<group>"; };
		AA487FAA1D07B76A006E0EB9 /* ViewController.h */ = {isa = PBXFileReference; lastKnownFileType = sourcecode.c.h; path = ViewController.h; sourceTree = "<group>"; };
		AA487FAB1D07B76A006E0EB9 /* ViewController.m */ = {isa = PBXFileReference; lastKnownFileType = sourcecode.c.objc; path = ViewController.m; sourceTree = "<group>"; };
		AA487FAE1D07B76A006E0EB9 /* Base */ = {isa = PBXFileReference; lastKnownFileType = file.storyboard; name = Base; path = Base.lproj/Main.storyboard; sourceTree = "<group>"; };
		AA487FB01D07B76A006E0EB9 /* Assets.xcassets */ = {isa = PBXFileReference; lastKnownFileType = folder.assetcatalog; path = Assets.xcassets; sourceTree = "<group>"; };
		AA487FB31D07B76A006E0EB9 /* Base */ = {isa = PBXFileReference; lastKnownFileType = file.storyboard; name = Base; path = Base.lproj/LaunchScreen.storyboard; sourceTree = "<group>"; };
		AA487FB51D07B76A006E0EB9 /* Info.plist */ = {isa = PBXFileReference; lastKnownFileType = text.plist.xml; path = Info.plist; sourceTree = "<group>"; };
		AA487FBC1D07B9CE006E0EB9 /* ZLTabBarItem.h */ = {isa = PBXFileReference; fileEncoding = 4; lastKnownFileType = sourcecode.c.h; path = ZLTabBarItem.h; sourceTree = "<group>"; };
		AA487FBD1D07B9CE006E0EB9 /* ZLTabBarItem.m */ = {isa = PBXFileReference; fileEncoding = 4; lastKnownFileType = sourcecode.c.objc; path = ZLTabBarItem.m; sourceTree = "<group>"; };
		AA487FBF1D07C7EE006E0EB9 /* ZLTabBar.h */ = {isa = PBXFileReference; fileEncoding = 4; lastKnownFileType = sourcecode.c.h; path = ZLTabBar.h; sourceTree = "<group>"; };
		AA487FC01D07C7EE006E0EB9 /* ZLTabBar.m */ = {isa = PBXFileReference; fileEncoding = 4; lastKnownFileType = sourcecode.c.objc; path = ZLTabBar.m; sourceTree = "<group>"; };
		AA487FC21D07C932006E0EB9 /* ZLTabBarController.h */ = {isa = PBXFileReference; fileEncoding = 4; lastKnownFileType = sourcecode.c.h; path = ZLTabBarController.h; sourceTree = "<group>"; };
		AA487FC31D07C932006E0EB9 /* ZLTabBarController.m */ = {isa = PBXFileReference; fileEncoding = 4; lastKnownFileType = sourcecode.c.objc; path = ZLTabBarController.m; sourceTree = "<group>"; };
		AA487FC51D07F93A006E0EB9 /* FirstViewController.h */ = {isa = PBXFileReference; fileEncoding = 4; lastKnownFileType = sourcecode.c.h; path = FirstViewController.h; sourceTree = "<group>"; };
		AA487FC61D07F93A006E0EB9 /* FirstViewController.m */ = {isa = PBXFileReference; fileEncoding = 4; lastKnownFileType = sourcecode.c.objc; path = FirstViewController.m; sourceTree = "<group>"; };
		AA487FC81D07F998006E0EB9 /* SecondViewController.h */ = {isa = PBXFileReference; fileEncoding = 4; lastKnownFileType = sourcecode.c.h; path = SecondViewController.h; sourceTree = "<group>"; };
		AA487FC91D07F998006E0EB9 /* SecondViewController.m */ = {isa = PBXFileReference; fileEncoding = 4; lastKnownFileType = sourcecode.c.objc; path = SecondViewController.m; sourceTree = "<group>"; };
		AA487FCB1D07F9D8006E0EB9 /* ThirdViewController.h */ = {isa = PBXFileReference; fileEncoding = 4; lastKnownFileType = sourcecode.c.h; path = ThirdViewController.h; sourceTree = "<group>"; };
		AA487FCC1D07F9D8006E0EB9 /* ThirdViewController.m */ = {isa = PBXFileReference; fileEncoding = 4; lastKnownFileType = sourcecode.c.objc; path = ThirdViewController.m; sourceTree = "<group>"; };
		AA487FCE1D07F9FE006E0EB9 /* DetailsViewController.h */ = {isa = PBXFileReference; fileEncoding = 4; lastKnownFileType = sourcecode.c.h; path = DetailsViewController.h; sourceTree = "<group>"; };
		AA487FCF1D07F9FE006E0EB9 /* DetailsViewController.m */ = {isa = PBXFileReference; fileEncoding = 4; lastKnownFileType = sourcecode.c.objc; path = DetailsViewController.m; sourceTree = "<group>"; };
		AA565A1A1D0D4D2C00CD819C /* UIColor+ColorFromHex.h */ = {isa = PBXFileReference; fileEncoding = 4; lastKnownFileType = sourcecode.c.h; path = "UIColor+ColorFromHex.h"; sourceTree = "<group>"; };
		AA565A1B1D0D4D2C00CD819C /* UIColor+ColorFromHex.m */ = {isa = PBXFileReference; fileEncoding = 4; lastKnownFileType = sourcecode.c.objc; path = "UIColor+ColorFromHex.m"; sourceTree = "<group>"; };
/* End PBXFileReference section */

/* Begin PBXFrameworksBuildPhase section */
		AA487F9E1D07B76A006E0EB9 /* Frameworks */ = {
			isa = PBXFrameworksBuildPhase;
			buildActionMask = 2147483647;
			files = (
			);
			runOnlyForDeploymentPostprocessing = 0;
		};
/* End PBXFrameworksBuildPhase section */

/* Begin PBXGroup section */
		AA487F981D07B76A006E0EB9 = {
			isa = PBXGroup;
			children = (
				AA487FA31D07B76A006E0EB9 /* ZLTabBarController */,
				AA487FA21D07B76A006E0EB9 /* Products */,
			);
			sourceTree = "<group>";
		};
		AA487FA21D07B76A006E0EB9 /* Products */ = {
			isa = PBXGroup;
			children = (
				AA487FA11D07B76A006E0EB9 /* ZLTabBarController.app */,
			);
			name = Products;
			sourceTree = "<group>";
		};
		AA487FA31D07B76A006E0EB9 /* ZLTabBarController */ = {
			isa = PBXGroup;
			children = (
				AA487FBB1D07B797006E0EB9 /* ZLTabBarController */,
				AA487FA71D07B76A006E0EB9 /* AppDelegate.h */,
				AA487FA81D07B76A006E0EB9 /* AppDelegate.m */,
				AA487FAA1D07B76A006E0EB9 /* ViewController.h */,
				AA487FAB1D07B76A006E0EB9 /* ViewController.m */,
				AA487FAD1D07B76A006E0EB9 /* Main.storyboard */,
				AA487FB01D07B76A006E0EB9 /* Assets.xcassets */,
				AA487FB21D07B76A006E0EB9 /* LaunchScreen.storyboard */,
				AA487FB51D07B76A006E0EB9 /* Info.plist */,
				AA487FA41D07B76A006E0EB9 /* Supporting Files */,
				AA487FC51D07F93A006E0EB9 /* FirstViewController.h */,
				AA487FC61D07F93A006E0EB9 /* FirstViewController.m */,
				AA487FC81D07F998006E0EB9 /* SecondViewController.h */,
				AA487FC91D07F998006E0EB9 /* SecondViewController.m */,
				AA487FCB1D07F9D8006E0EB9 /* ThirdViewController.h */,
				AA487FCC1D07F9D8006E0EB9 /* ThirdViewController.m */,
				AA487FCE1D07F9FE006E0EB9 /* DetailsViewController.h */,
				AA487FCF1D07F9FE006E0EB9 /* DetailsViewController.m */,
				AA565A1A1D0D4D2C00CD819C /* UIColor+ColorFromHex.h */,
				AA565A1B1D0D4D2C00CD819C /* UIColor+ColorFromHex.m */,
			);
			path = ZLTabBarController;
			sourceTree = "<group>";
		};
		AA487FA41D07B76A006E0EB9 /* Supporting Files */ = {
			isa = PBXGroup;
			children = (
				AA487FA51D07B76A006E0EB9 /* main.m */,
			);
			name = "Supporting Files";
			sourceTree = "<group>";
		};
		AA487FBB1D07B797006E0EB9 /* ZLTabBarController */ = {
			isa = PBXGroup;
			children = (
				AA487FBC1D07B9CE006E0EB9 /* ZLTabBarItem.h */,
				AA487FBD1D07B9CE006E0EB9 /* ZLTabBarItem.m */,
				AA487FBF1D07C7EE006E0EB9 /* ZLTabBar.h */,
				AA487FC01D07C7EE006E0EB9 /* ZLTabBar.m */,
				AA487FC21D07C932006E0EB9 /* ZLTabBarController.h */,
				AA487FC31D07C932006E0EB9 /* ZLTabBarController.m */,
			);
			path = ZLTabBarController;
			sourceTree = "<group>";
		};
/* End PBXGroup section */

/* Begin PBXNativeTarget section */
		AA487FA01D07B76A006E0EB9 /* ZLTabBarController */ = {
			isa = PBXNativeTarget;
			buildConfigurationList = AA487FB81D07B76A006E0EB9 /* Build configuration list for PBXNativeTarget "ZLTabBarController" */;
			buildPhases = (
				AA487F9D1D07B76A006E0EB9 /* Sources */,
				AA487F9E1D07B76A006E0EB9 /* Frameworks */,
				AA487F9F1D07B76A006E0EB9 /* Resources */,
			);
			buildRules = (
			);
			dependencies = (
			);
			name = ZLTabBarController;
			productName = ZLTabBarController;
			productReference = AA487FA11D07B76A006E0EB9 /* ZLTabBarController.app */;
			productType = "com.apple.product-type.application";
		};
/* End PBXNativeTarget section */

/* Begin PBXProject section */
		AA487F991D07B76A006E0EB9 /* Project object */ = {
			isa = PBXProject;
			attributes = {
				LastUpgradeCheck = 0730;
				ORGANIZATIONNAME = hitao;
				TargetAttributes = {
					AA487FA01D07B76A006E0EB9 = {
						CreatedOnToolsVersion = 7.3;
					};
				};
			};
			buildConfigurationList = AA487F9C1D07B76A006E0EB9 /* Build configuration list for PBXProject "ZLTabBarController" */;
			compatibilityVersion = "Xcode 3.2";
			developmentRegion = English;
			hasScannedForEncodings = 0;
			knownRegions = (
				en,
				Base,
			);
			mainGroup = AA487F981D07B76A006E0EB9;
			productRefGroup = AA487FA21D07B76A006E0EB9 /* Products */;
			projectDirPath = "";
			projectRoot = "";
			targets = (
				AA487FA01D07B76A006E0EB9 /* ZLTabBarController */,
			);
		};
/* End PBXProject section */

/* Begin PBXResourcesBuildPhase section */
		AA487F9F1D07B76A006E0EB9 /* Resources */ = {
			isa = PBXResourcesBuildPhase;
			buildActionMask = 2147483647;
			files = (
				AA487FB41D07B76A006E0EB9 /* LaunchScreen.storyboard in Resources */,
				AA487FB11D07B76A006E0EB9 /* Assets.xcassets in Resources */,
				AA487FAF1D07B76A006E0EB9 /* Main.storyboard in Resources */,
			);
			runOnlyForDeploymentPostprocessing = 0;
		};
/* End PBXResourcesBuildPhase section */

/* Begin PBXSourcesBuildPhase section */
		AA487F9D1D07B76A006E0EB9 /* Sources */ = {
			isa = PBXSourcesBuildPhase;
			buildActionMask = 2147483647;
			files = (
				AA487FAC1D07B76A006E0EB9 /* ViewController.m in Sources */,
				AA487FD01D07F9FE006E0EB9 /* DetailsViewController.m in Sources */,
				AA487FC11D07C7EE006E0EB9 /* ZLTabBar.m in Sources */,
				AA487FC71D07F93A006E0EB9 /* FirstViewController.m in Sources */,
				AA487FA91D07B76A006E0EB9 /* AppDelegate.m in Sources */,
				AA487FCA1D07F998006E0EB9 /* SecondViewController.m in Sources */,
				AA487FCD1D07F9D8006E0EB9 /* ThirdViewController.m in Sources */,
				AA487FBE1D07B9CE006E0EB9 /* ZLTabBarItem.m in Sources */,
				AA487FA61D07B76A006E0EB9 /* main.m in Sources */,
				AA487FC41D07C932006E0EB9 /* ZLTabBarController.m in Sources */,
				AA565A1C1D0D4D2C00CD819C /* UIColor+ColorFromHex.m in Sources */,
			);
			runOnlyForDeploymentPostprocessing = 0;
		};
/* End PBXSourcesBuildPhase section */

/* Begin PBXVariantGroup section */
		AA487FAD1D07B76A006E0EB9 /* Main.storyboard */ = {
			isa = PBXVariantGroup;
			children = (
				AA487FAE1D07B76A006E0EB9 /* Base */,
			);
			name = Main.storyboard;
			sourceTree = "<group>";
		};
		AA487FB21D07B76A006E0EB9 /* LaunchScreen.storyboard */ = {
			isa = PBXVariantGroup;
			children = (
				AA487FB31D07B76A006E0EB9 /* Base */,
			);
			name = LaunchScreen.storyboard;
			sourceTree = "<group>";
		};
/* End PBXVariantGroup section */

/* Begin XCBuildConfiguration section */
		AA487FB61D07B76A006E0EB9 /* Debug */ = {
			isa = XCBuildConfiguration;
			buildSettings = {
				ALWAYS_SEARCH_USER_PATHS = NO;
				CLANG_ANALYZER_NONNULL = YES;
				CLANG_CXX_LANGUAGE_STANDARD = "gnu++0x";
				CLANG_CXX_LIBRARY = "libc++";
				CLANG_ENABLE_MODULES = YES;
				CLANG_ENABLE_OBJC_ARC = YES;
				CLANG_WARN_BOOL_CONVERSION = YES;
				CLANG_WARN_CONSTANT_CONVERSION = YES;
				CLANG_WARN_DIRECT_OBJC_ISA_USAGE = YES_ERROR;
				CLANG_WARN_EMPTY_BODY = YES;
				CLANG_WARN_ENUM_CONVERSION = YES;
				CLANG_WARN_INT_CONVERSION = YES;
				CLANG_WARN_OBJC_ROOT_CLASS = YES_ERROR;
				CLANG_WARN_UNREACHABLE_CODE = YES;
				CLANG_WARN__DUPLICATE_METHOD_MATCH = YES;
				"CODE_SIGN_IDENTITY[sdk=iphoneos*]" = "iPhone Developer";
				COPY_PHASE_STRIP = NO;
				DEBUG_INFORMATION_FORMAT = dwarf;
				ENABLE_STRICT_OBJC_MSGSEND = YES;
				ENABLE_TESTABILITY = YES;
				GCC_C_LANGUAGE_STANDARD = gnu99;
				GCC_DYNAMIC_NO_PIC = NO;
				GCC_NO_COMMON_BLOCKS = YES;
				GCC_OPTIMIZATION_LEVEL = 0;
				GCC_PREPROCESSOR_DEFINITIONS = (
					"DEBUG=1",
					"$(inherited)",
				);
				GCC_WARN_64_TO_32_BIT_CONVERSION = YES;
				GCC_WARN_ABOUT_RETURN_TYPE = YES_ERROR;
				GCC_WARN_UNDECLARED_SELECTOR = YES;
				GCC_WARN_UNINITIALIZED_AUTOS = YES_AGGRESSIVE;
				GCC_WARN_UNUSED_FUNCTION = YES;
				GCC_WARN_UNUSED_VARIABLE = YES;
				IPHONEOS_DEPLOYMENT_TARGET = 9.3;
				MTL_ENABLE_DEBUG_INFO = YES;
				ONLY_ACTIVE_ARCH = YES;
				SDKROOT = iphoneos;
			};
			name = Debug;
		};
		AA487FB71D07B76A006E0EB9 /* Release */ = {
			isa = XCBuildConfiguration;
			buildSettings = {
				ALWAYS_SEARCH_USER_PATHS = NO;
				CLANG_ANALYZER_NONNULL = YES;
				CLANG_CXX_LANGUAGE_STANDARD = "gnu++0x";
				CLANG_CXX_LIBRARY = "libc++";
				CLANG_ENABLE_MODULES = YES;
				CLANG_ENABLE_OBJC_ARC = YES;
				CLANG_WARN_BOOL_CONVERSION = YES;
				CLANG_WARN_CONSTANT_CONVERSION = YES;
				CLANG_WARN_DIRECT_OBJC_ISA_USAGE = YES_ERROR;
				CLANG_WARN_EMPTY_BODY = YES;
				CLANG_WARN_ENUM_CONVERSION = YES;
				CLANG_WARN_INT_CONVERSION = YES;
				CLANG_WARN_OBJC_ROOT_CLASS = YES_ERROR;
				CLANG_WARN_UNREACHABLE_CODE = YES;
				CLANG_WARN__DUPLICATE_METHOD_MATCH = YES;
				"CODE_SIGN_IDENTITY[sdk=iphoneos*]" = "iPhone Developer";
				COPY_PHASE_STRIP = NO;
				DEBUG_INFORMATION_FORMAT = "dwarf-with-dsym";
				ENABLE_NS_ASSERTIONS = NO;
				ENABLE_STRICT_OBJC_MSGSEND = YES;
				GCC_C_LANGUAGE_STANDARD = gnu99;
				GCC_NO_COMMON_BLOCKS = YES;
				GCC_WARN_64_TO_32_BIT_CONVERSION = YES;
				GCC_WARN_ABOUT_RETURN_TYPE = YES_ERROR;
				GCC_WARN_UNDECLARED_SELECTOR = YES;
				GCC_WARN_UNINITIALIZED_AUTOS = YES_AGGRESSIVE;
				GCC_WARN_UNUSED_FUNCTION = YES;
				GCC_WARN_UNUSED_VARIABLE = YES;
				IPHONEOS_DEPLOYMENT_TARGET = 9.3;
				MTL_ENABLE_DEBUG_INFO = NO;
				SDKROOT = iphoneos;
				VALIDATE_PRODUCT = YES;
			};
			name = Release;
		};
		AA487FB91D07B76A006E0EB9 /* Debug */ = {
			isa = XCBuildConfiguration;
			buildSettings = {
				ASSETCATALOG_COMPILER_APPICON_NAME = AppIcon;
				INFOPLIST_FILE = ZLTabBarController/Info.plist;
				IPHONEOS_DEPLOYMENT_TARGET = 8.0;
				LD_RUNPATH_SEARCH_PATHS = "$(inherited) @executable_path/Frameworks";
				PRODUCT_BUNDLE_IDENTIFIER = zwin.ZLTabBarController;
				PRODUCT_NAME = "$(TARGET_NAME)";
			};
			name = Debug;
		};
		AA487FBA1D07B76A006E0EB9 /* Release */ = {
			isa = XCBuildConfiguration;
			buildSettings = {
				ASSETCATALOG_COMPILER_APPICON_NAME = AppIcon;
				INFOPLIST_FILE = ZLTabBarController/Info.plist;
				IPHONEOS_DEPLOYMENT_TARGET = 8.0;
				LD_RUNPATH_SEARCH_PATHS = "$(inherited) @executable_path/Frameworks";
				PRODUCT_BUNDLE_IDENTIFIER = zwin.ZLTabBarController;
				PRODUCT_NAME = "$(TARGET_NAME)";
			};
			name = Release;
		};
/* End XCBuildConfiguration section */

/* Begin XCConfigurationList section */
		AA487F9C1D07B76A006E0EB9 /* Build configuration list for PBXProject "ZLTabBarController" */ = {
			isa = XCConfigurationList;
			buildConfigurations = (
				AA487FB61D07B76A006E0EB9 /* Debug */,
				AA487FB71D07B76A006E0EB9 /* Release */,
			);
			defaultConfigurationIsVisible = 0;
			defaultConfigurationName = Release;
		};
		AA487FB81D07B76A006E0EB9 /* Build configuration list for PBXNativeTarget "ZLTabBarController" */ = {
			isa = XCConfigurationList;
			buildConfigurations = (
				AA487FB91D07B76A006E0EB9 /* Debug */,
				AA487FBA1D07B76A006E0EB9 /* Release */,
			);
			defaultConfigurationIsVisible = 0;
			defaultConfigurationName = Release;
		};
/* End XCConfigurationList section */
	};
	rootObject = AA487F991D07B76A006E0EB9 /* Project object */;
}
